
Microsoft Visual Studio Solution File, Format Version 12.00
# Visual Studio Version 16
VisualStudioVersion = 16.0.30717.126
MinimumVisualStudioVersion = 10.0.40219.1
Project("{FAE04EC0-301F-11D3-BF4B-00C04F79EFBC}") = "1.PrimeiroProjeto", "1.PrimeiroProjeto\1.PrimeiroProjeto.csproj", "{89B9BCBD-29E5-4E7D-A865-3207DDBAB991}"
EndProject
Project("{FAE04EC0-301F-11D3-BF4B-00C04F79EFBC}") = "2-CriandoVariaveis", "..\2-CriandoVariaveis\2-CriandoVariaveis.csproj", "{F02B4C4F-3F20-49D2-B662-00665BB36C24}"
EndProject
Project("{FAE04EC0-301F-11D3-BF4B-00C04F79EFBC}") = "3-CriandoVariveisPontoFlutuante", "3-CriandoVariveisPontoFlutuante\3-CriandoVariveisPontoFlutuante.csproj", "{D51EC0AF-A9A6-4030-BD91-3F3FC88BF1BF}"
EndProject
Project("{FAE04EC0-301F-11D3-BF4B-00C04F79EFBC}") = "4.ConversoesEOutrosTiposNumericos", "4.ConversoesEOutrosTiposNumericos\4.ConversoesEOutrosTiposNumericos.csproj", "{F4BF21EA-7CF4-4434-96A6-73393165FE28}"
EndProject
Project("{FAE04EC0-301F-11D3-BF4B-00C04F79EFBC}") = "5-CaracteresETextos", "5-CaracteresETextos\5-CaracteresETextos.csproj", "{60931757-940B-45B7-92BA-3EDB764173DB}"
EndProject
Project("{FAE04EC0-301F-11D3-BF4B-00C04F79EFBC}") = "6-AtribuicoesDeVariaveis", "6-AtribuicoesDeVariaveis\6-AtribuicoesDeVariaveis.csproj", "{333054FA-7F77-40CF-9148-DAAA457B5349}"
EndProject
Project("{FAE04EC0-301F-11D3-BF4B-00C04F79EFBC}") = "7-Condicionais", "7-Condicionais\7-Condicionais.csproj", "{9C5B4115-6F64-4A6F-906B-39DDD63A5728}"
EndProject
Project("{FAE04EC0-301F-11D3-BF4B-00C04F79EFBC}") = "8-Condicionais2", "8-Condicionais2\8-Condicionais2.csproj", "{3D73F9F8-F10D-4133-99C0-05B3AC780EAE}"
EndProject
Project("{FAE04EC0-301F-11D3-BF4B-00C04F79EFBC}") = "9 -Escopo", "9 -Escopo\9 -Escopo.csproj", "{373BD821-B90A-4B4D-AF81-3DA33A6F9D32}"
EndProject
Project("{FAE04EC0-301F-11D3-BF4B-00C04F79EFBC}") = "Exercicio-Alicota com ifs", "1-Exercicio-Alicota com ifs\Exercicio-Alicota com ifs.csproj", "{EFEF2551-563A-43CC-88F5-6CC7805E3E75}"
EndProject
Project("{FAE04EC0-301F-11D3-BF4B-00C04F79EFBC}") = "10-switch", "10-switch\10-switch.csproj", "{B497FD31-74BD-4E35-AEBE-CAA29272CDAA}"
EndProject
Project("{FAE04EC0-301F-11D3-BF4B-00C04F79EFBC}") = "p10-calcula poupaca", "p10-calcula poupaca\p10-calcula poupaca.csproj", "{9B47BFD0-6BAA-4A23-81E0-7BF4FD8DAACE}"
EndProject
Project("{FAE04EC0-301F-11D3-BF4B-00C04F79EFBC}") = "p11-Calcula poupanca 2", "12-Calcula poupanca 2\p11-Calcula poupanca 2.csproj", "{4CBB77FD-ECA1-47CF-9AA6-01C30B332336}"
EndProject
Project("{FAE04EC0-301F-11D3-BF4B-00C04F79EFBC}") = "p12-CalculaInvestimenroLongo prazo", "12-CalculaInvestimenroLongo prazo\p12-CalculaInvestimenroLongo prazo.csproj", "{13D598CD-6FE4-4288-A046-BA753F26958B}"
EndProject
Project("{FAE04EC0-301F-11D3-BF4B-00C04F79EFBC}") = "p13 - ForEncadeado", "p13 - ForEncadeado\p13 - ForEncadeado.csproj", "{15578469-CCFC-407C-9633-CE0AE64D4F03}"
EndProject
Project("{FAE04EC0-301F-11D3-BF4B-00C04F79EFBC}") = "Exercicio - LacoDeRepeticaoFor", "Exercicio - LacoDeRepeticaoFor\Exercicio - LacoDeRepeticaoFor.csproj", "{E3A2A759-6098-4306-BA7B-F11A85E6ED1B}"
EndProject
Project("{FAE04EC0-301F-11D3-BF4B-00C04F79EFBC}") = "Exercicio - Multiplo de 3", "Exercicio - Multiplo de 3\Exercicio - Multiplo de 3.csproj", "{B9D1CD80-67B9-400B-A4EE-E5D1FDE1CCE0}"
EndProject
Project("{FAE04EC0-301F-11D3-BF4B-00C04F79EFBC}") = "Exercico - CalculaFatorial", "Exercico - CalculaFatorial\Exercico - CalculaFatorial.csproj", "{48B36CF0-EF1D-4605-92C9-9D7EEDFC5ECA}"
EndProject
Global
	GlobalSection(SolutionConfigurationPlatforms) = preSolution
		Debug|Any CPU = Debug|Any CPU
		Release|Any CPU = Release|Any CPU
	EndGlobalSection
	GlobalSection(ProjectConfigurationPlatforms) = postSolution
		{89B9BCBD-29E5-4E7D-A865-3207DDBAB991}.Debug|Any CPU.ActiveCfg = Debug|Any CPU
		{89B9BCBD-29E5-4E7D-A865-3207DDBAB991}.Debug|Any CPU.Build.0 = Debug|Any CPU
		{89B9BCBD-29E5-4E7D-A865-3207DDBAB991}.Release|Any CPU.ActiveCfg = Release|Any CPU
		{89B9BCBD-29E5-4E7D-A865-3207DDBAB991}.Release|Any CPU.Build.0 = Release|Any CPU
		{F02B4C4F-3F20-49D2-B662-00665BB36C24}.Debug|Any CPU.ActiveCfg = Debug|Any CPU
		{F02B4C4F-3F20-49D2-B662-00665BB36C24}.Debug|Any CPU.Build.0 = Debug|Any CPU
		{F02B4C4F-3F20-49D2-B662-00665BB36C24}.Release|Any CPU.ActiveCfg = Release|Any CPU
		{F02B4C4F-3F20-49D2-B662-00665BB36C24}.Release|Any CPU.Build.0 = Release|Any CPU
		{D51EC0AF-A9A6-4030-BD91-3F3FC88BF1BF}.Debug|Any CPU.ActiveCfg = Debug|Any CPU
		{D51EC0AF-A9A6-4030-BD91-3F3FC88BF1BF}.Debug|Any CPU.Build.0 = Debug|Any CPU
		{D51EC0AF-A9A6-4030-BD91-3F3FC88BF1BF}.Release|Any CPU.ActiveCfg = Release|Any CPU
		{D51EC0AF-A9A6-4030-BD91-3F3FC88BF1BF}.Release|Any CPU.Build.0 = Release|Any CPU
		{F4BF21EA-7CF4-4434-96A6-73393165FE28}.Debug|Any CPU.ActiveCfg = Debug|Any CPU
		{F4BF21EA-7CF4-4434-96A6-73393165FE28}.Debug|Any CPU.Build.0 = Debug|Any CPU
		{F4BF21EA-7CF4-4434-96A6-73393165FE28}.Release|Any CPU.ActiveCfg = Release|Any CPU
		{F4BF21EA-7CF4-4434-96A6-73393165FE28}.Release|Any CPU.Build.0 = Release|Any CPU
		{60931757-940B-45B7-92BA-3EDB764173DB}.Debug|Any CPU.ActiveCfg = Debug|Any CPU
		{60931757-940B-45B7-92BA-3EDB764173DB}.Debug|Any CPU.Build.0 = Debug|Any CPU
		{60931757-940B-45B7-92BA-3EDB764173DB}.Release|Any CPU.ActiveCfg = Release|Any CPU
		{60931757-940B-45B7-92BA-3EDB764173DB}.Release|Any CPU.Build.0 = Release|Any CPU
		{333054FA-7F77-40CF-9148-DAAA457B5349}.Debug|Any CPU.ActiveCfg = Debug|Any CPU
		{333054FA-7F77-40CF-9148-DAAA457B5349}.Debug|Any CPU.Build.0 = Debug|Any CPU
		{333054FA-7F77-40CF-9148-DAAA457B5349}.Release|Any CPU.ActiveCfg = Release|Any CPU
		{333054FA-7F77-40CF-9148-DAAA457B5349}.Release|Any CPU.Build.0 = Release|Any CPU
		{9C5B4115-6F64-4A6F-906B-39DDD63A5728}.Debug|Any CPU.ActiveCfg = Debug|Any CPU
		{9C5B4115-6F64-4A6F-906B-39DDD63A5728}.Debug|Any CPU.Build.0 = Debug|Any CPU
		{9C5B4115-6F64-4A6F-906B-39DDD63A5728}.Release|Any CPU.ActiveCfg = Release|Any CPU
		{9C5B4115-6F64-4A6F-906B-39DDD63A5728}.Release|Any CPU.Build.0 = Release|Any CPU
		{3D73F9F8-F10D-4133-99C0-05B3AC780EAE}.Debug|Any CPU.ActiveCfg = Debug|Any CPU
		{3D73F9F8-F10D-4133-99C0-05B3AC780EAE}.Debug|Any CPU.Build.0 = Debug|Any CPU
		{3D73F9F8-F10D-4133-99C0-05B3AC780EAE}.Release|Any CPU.ActiveCfg = Release|Any CPU
		{3D73F9F8-F10D-4133-99C0-05B3AC780EAE}.Release|Any CPU.Build.0 = Release|Any CPU
		{373BD821-B90A-4B4D-AF81-3DA33A6F9D32}.Debug|Any CPU.ActiveCfg = Debug|Any CPU
		{373BD821-B90A-4B4D-AF81-3DA33A6F9D32}.Debug|Any CPU.Build.0 = Debug|Any CPU
		{373BD821-B90A-4B4D-AF81-3DA33A6F9D32}.Release|Any CPU.ActiveCfg = Release|Any CPU
		{373BD821-B90A-4B4D-AF81-3DA33A6F9D32}.Release|Any CPU.Build.0 = Release|Any CPU
		{EFEF2551-563A-43CC-88F5-6CC7805E3E75}.Debug|Any CPU.ActiveCfg = Debug|Any CPU
		{EFEF2551-563A-43CC-88F5-6CC7805E3E75}.Debug|Any CPU.Build.0 = Debug|Any CPU
		{EFEF2551-563A-43CC-88F5-6CC7805E3E75}.Release|Any CPU.ActiveCfg = Release|Any CPU
		{EFEF2551-563A-43CC-88F5-6CC7805E3E75}.Release|Any CPU.Build.0 = Release|Any CPU
		{B497FD31-74BD-4E35-AEBE-CAA29272CDAA}.Debug|Any CPU.ActiveCfg = Debug|Any CPU
		{B497FD31-74BD-4E35-AEBE-CAA29272CDAA}.Debug|Any CPU.Build.0 = Debug|Any CPU
		{B497FD31-74BD-4E35-AEBE-CAA29272CDAA}.Release|Any CPU.ActiveCfg = Release|Any CPU
		{B497FD31-74BD-4E35-AEBE-CAA29272CDAA}.Release|Any CPU.Build.0 = Release|Any CPU
		{9B47BFD0-6BAA-4A23-81E0-7BF4FD8DAACE}.Debug|Any CPU.ActiveCfg = Debug|Any CPU
		{9B47BFD0-6BAA-4A23-81E0-7BF4FD8DAACE}.Debug|Any CPU.Build.0 = Debug|Any CPU
		{9B47BFD0-6BAA-4A23-81E0-7BF4FD8DAACE}.Release|Any CPU.ActiveCfg = Release|Any CPU
		{9B47BFD0-6BAA-4A23-81E0-7BF4FD8DAACE}.Release|Any CPU.Build.0 = Release|Any CPU
		{4CBB77FD-ECA1-47CF-9AA6-01C30B332336}.Debug|Any CPU.ActiveCfg = Debug|Any CPU
		{4CBB77FD-ECA1-47CF-9AA6-01C30B332336}.Debug|Any CPU.Build.0 = Debug|Any CPU
		{4CBB77FD-ECA1-47CF-9AA6-01C30B332336}.Release|Any CPU.ActiveCfg = Release|Any CPU
		{4CBB77FD-ECA1-47CF-9AA6-01C30B332336}.Release|Any CPU.Build.0 = Release|Any CPU
		{13D598CD-6FE4-4288-A046-BA753F26958B}.Debug|Any CPU.ActiveCfg = Debug|Any CPU
		{13D598CD-6FE4-4288-A046-BA753F26958B}.Debug|Any CPU.Build.0 = Debug|Any CPU
		{13D598CD-6FE4-4288-A046-BA753F26958B}.Release|Any CPU.ActiveCfg = Release|Any CPU
		{13D598CD-6FE4-4288-A046-BA753F26958B}.Release|Any CPU.Build.0 = Release|Any CPU
		{15578469-CCFC-407C-9633-CE0AE64D4F03}.Debug|Any CPU.ActiveCfg = Debug|Any CPU
		{15578469-CCFC-407C-9633-CE0AE64D4F03}.Debug|Any CPU.Build.0 = Debug|Any CPU
		{15578469-CCFC-407C-9633-CE0AE64D4F03}.Release|Any CPU.ActiveCfg = Release|Any CPU
		{15578469-CCFC-407C-9633-CE0AE64D4F03}.Release|Any CPU.Build.0 = Release|Any CPU
		{E3A2A759-6098-4306-BA7B-F11A85E6ED1B}.Debug|Any CPU.ActiveCfg = Debug|Any CPU
		{E3A2A759-6098-4306-BA7B-F11A85E6ED1B}.Debug|Any CPU.Build.0 = Debug|Any CPU
		{E3A2A759-6098-4306-BA7B-F11A85E6ED1B}.Release|Any CPU.ActiveCfg = Release|Any CPU
		{E3A2A759-6098-4306-BA7B-F11A85E6ED1B}.Release|Any CPU.Build.0 = Release|Any CPU
		{B9D1CD80-67B9-400B-A4EE-E5D1FDE1CCE0}.Debug|Any CPU.ActiveCfg = Debug|Any CPU
		{B9D1CD80-67B9-400B-A4EE-E5D1FDE1CCE0}.Debug|Any CPU.Build.0 = Debug|Any CPU
		{B9D1CD80-67B9-400B-A4EE-E5D1FDE1CCE0}.Release|Any CPU.ActiveCfg = Release|Any CPU
		{B9D1CD80-67B9-400B-A4EE-E5D1FDE1CCE0}.Release|Any CPU.Build.0 = Release|Any CPU
		{48B36CF0-EF1D-4605-92C9-9D7EEDFC5ECA}.Debug|Any CPU.ActiveCfg = Debug|Any CPU
		{48B36CF0-EF1D-4605-92C9-9D7EEDFC5ECA}.Debug|Any CPU.Build.0 = Debug|Any CPU
		{48B36CF0-EF1D-4605-92C9-9D7EEDFC5ECA}.Release|Any CPU.ActiveCfg = Release|Any CPU
		{48B36CF0-EF1D-4605-92C9-9D7EEDFC5ECA}.Release|Any CPU.Build.0 = Release|Any CPU
	EndGlobalSection
	GlobalSection(SolutionProperties) = preSolution
		HideSolutionNode = FALSE
	EndGlobalSection
	GlobalSection(ExtensibilityGlobals) = postSolution
		SolutionGuid = {AE26FF80-6415-48EF-B660-EDBA54822CA0}
	EndGlobalSection
EndGlobal
